
Microsoft Visual Studio Solution File, Format Version 12.00
# Visual Studio 15
Project("{FAE04EC0-301F-11D3-BF4B-00C04F79EFBC}") = "Crash", "Crash\Crash.csproj", "{AEA0BE53-4382-490E-893B-D9C7CC183CCF}"
EndProject
Global
	GlobalSection(SolutionConfigurationPlatforms) = preSolution
		Debug|Any CPU = Debug|Any CPU
		Release|Any CPU = Release|Any CPU
	EndGlobalSection
	GlobalSection(ProjectConfigurationPlatforms) = postSolution
		{AEA0BE53-4382-490E-893B-D9C7CC183CCF}.Debug|Any CPU.ActiveCfg = Debug|Any CPU
		{AEA0BE53-4382-490E-893B-D9C7CC183CCF}.Debug|Any CPU.Build.0 = Debug|Any CPU
		{AEA0BE53-4382-490E-893B-D9C7CC183CCF}.Release|Any CPU.ActiveCfg = Release|Any CPU
		{AEA0BE53-4382-490E-893B-D9C7CC183CCF}.Release|Any CPU.Build.0 = Release|Any CPU
	EndGlobalSection
EndGlobal
