Microsoft Visual Studio Solution File, Format Version 12.00
# Visual Studio Version 16
VisualStudioVersion = 16.0.29409.12
MinimumVisualStudioVersion = 10.0.40219.1
Project("{9A19103F-16F7-4668-BE54-9A1E7A4F7556}") = "Crash", "Crash\Crash.csproj", "{AEA0BE53-4382-490E-893B-D9C7CC183CCF}"
EndProject
Global
	GlobalSection(SolutionConfigurationPlatforms) = preSolution
		Debug|Any CPU = Debug|Any CPU
		Release|Any CPU = Release|Any CPU
	EndGlobalSection
	GlobalSection(ProjectConfigurationPlatforms) = postSolution
		{AEA0BE53-4382-490E-893B-D9C7CC183CCF}.Debug|Any CPU.ActiveCfg = Debug|Any CPU
		{AEA0BE53-4382-490E-893B-D9C7CC183CCF}.Debug|Any CPU.Build.0 = Debug|Any CPU
		{AEA0BE53-4382-490E-893B-D9C7CC183CCF}.Release|Any CPU.ActiveCfg = Release|Any CPU
		{AEA0BE53-4382-490E-893B-D9C7CC183CCF}.Release|Any CPU.Build.0 = Release|Any CPU
	EndGlobalSection
	GlobalSection(SolutionProperties) = preSolution
		HideSolutionNode = FALSE
	EndGlobalSection
	GlobalSection(ExtensibilityGlobals) = postSolution
		SolutionGuid = {605D79DF-24AA-4181-8EC5-6A72BC923A00}
	EndGlobalSection
EndGlobal
